// !$*UTF8*$!
{
	archiveVersion = 1;
	classes = {
	};
	objectVersion = 46;
	objects = {

/* Begin PBXBuildFile section */
		430DB81018F0D4E400200532 /* BTClientController.m in Sources */ = {isa = PBXBuildFile; fileRef = 430DB80F18F0D4E400200532 /* BTClientController.m */; };
		434E974C18F0B37B0093C8B8 /* SNExt.m in Sources */ = {isa = PBXBuildFile; fileRef = 434E974B18F0B37B0093C8B8 /* SNExt.m */; };
		43545F5C18F165E500D8DC6A /* AnalyticsView.xib in Resources */ = {isa = PBXBuildFile; fileRef = 43545F5B18F165E500D8DC6A /* AnalyticsView.xib */; };
		43545F5E18F1686100D8DC6A /* Main_iPad.storyboard in Resources */ = {isa = PBXBuildFile; fileRef = 43545F5D18F1686100D8DC6A /* Main_iPad.storyboard */; };
		43545F6118F1764800D8DC6A /* BTAnalyticsViewController.m in Sources */ = {isa = PBXBuildFile; fileRef = 43545F6018F1764800D8DC6A /* BTAnalyticsViewController.m */; };
		43807FCC18F0B2EB009E881F /* SNEval.m in Sources */ = {isa = PBXBuildFile; fileRef = 43807FCB18F0B2EB009E881F /* SNEval.m */; };
		4382E81818F0846C0094AC39 /* Foundation.framework in Frameworks */ = {isa = PBXBuildFile; fileRef = 4382E81718F0846C0094AC39 /* Foundation.framework */; };
		4382E81A18F0846C0094AC39 /* CoreGraphics.framework in Frameworks */ = {isa = PBXBuildFile; fileRef = 4382E81918F0846C0094AC39 /* CoreGraphics.framework */; };
		4382E81C18F0846C0094AC39 /* UIKit.framework in Frameworks */ = {isa = PBXBuildFile; fileRef = 4382E81B18F0846C0094AC39 /* UIKit.framework */; };
		4382E81E18F0846C0094AC39 /* CoreData.framework in Frameworks */ = {isa = PBXBuildFile; fileRef = 4382E81D18F0846C0094AC39 /* CoreData.framework */; };
		4382E82418F0846C0094AC39 /* InfoPlist.strings in Resources */ = {isa = PBXBuildFile; fileRef = 4382E82218F0846C0094AC39 /* InfoPlist.strings */; };
		4382E82618F0846C0094AC39 /* main.m in Sources */ = {isa = PBXBuildFile; fileRef = 4382E82518F0846C0094AC39 /* main.m */; };
		4382E82A18F0846C0094AC39 /* BTAppDelegate.m in Sources */ = {isa = PBXBuildFile; fileRef = 4382E82918F0846C0094AC39 /* BTAppDelegate.m */; };
		4382E82D18F0846C0094AC39 /* BloomTouch.xcdatamodeld in Sources */ = {isa = PBXBuildFile; fileRef = 4382E82B18F0846C0094AC39 /* BloomTouch.xcdatamodeld */; };
		4382E82F18F0846C0094AC39 /* Images.xcassets in Resources */ = {isa = PBXBuildFile; fileRef = 4382E82E18F0846C0094AC39 /* Images.xcassets */; };
		4382E83618F0846C0094AC39 /* XCTest.framework in Frameworks */ = {isa = PBXBuildFile; fileRef = 4382E83518F0846C0094AC39 /* XCTest.framework */; };
		4382E83718F0846C0094AC39 /* Foundation.framework in Frameworks */ = {isa = PBXBuildFile; fileRef = 4382E81718F0846C0094AC39 /* Foundation.framework */; };
		4382E83818F0846C0094AC39 /* UIKit.framework in Frameworks */ = {isa = PBXBuildFile; fileRef = 4382E81B18F0846C0094AC39 /* UIKit.framework */; };
		4382E83918F0846C0094AC39 /* CoreData.framework in Frameworks */ = {isa = PBXBuildFile; fileRef = 4382E81D18F0846C0094AC39 /* CoreData.framework */; };
		4382E84118F0846C0094AC39 /* InfoPlist.strings in Resources */ = {isa = PBXBuildFile; fileRef = 4382E83F18F0846C0094AC39 /* InfoPlist.strings */; };
		4382E84318F0846C0094AC39 /* BloomTouchTests.m in Sources */ = {isa = PBXBuildFile; fileRef = 4382E84218F0846C0094AC39 /* BloomTouchTests.m */; };
		4382E85118F08B1C0094AC39 /* BTLoadBalancer.m in Sources */ = {isa = PBXBuildFile; fileRef = 4382E85018F08B1C0094AC39 /* BTLoadBalancer.m */; };
		4382E85418F09E4C0094AC39 /* BTBloombergClient.m in Sources */ = {isa = PBXBuildFile; fileRef = 4382E85318F09E4C0094AC39 /* BTBloombergClient.m */; };
		43896D9C18F138B6005006CB /* BTEvaluator.m in Sources */ = {isa = PBXBuildFile; fileRef = 43896D9B18F138B6005006CB /* BTEvaluator.m */; };
/* End PBXBuildFile section */

/* Begin PBXContainerItemProxy section */
		4382E83A18F0846C0094AC39 /* PBXContainerItemProxy */ = {
			isa = PBXContainerItemProxy;
			containerPortal = 4382E80C18F0846C0094AC39 /* Project object */;
			proxyType = 1;
			remoteGlobalIDString = 4382E81318F0846C0094AC39;
			remoteInfo = BloomTouch;
		};
/* End PBXContainerItemProxy section */

/* Begin PBXFileReference section */
		430DB80E18F0D4E400200532 /* BTClientController.h */ = {isa = PBXFileReference; fileEncoding = 4; lastKnownFileType = sourcecode.c.h; path = BTClientController.h; sourceTree = "<group>"; };
		430DB80F18F0D4E400200532 /* BTClientController.m */ = {isa = PBXFileReference; fileEncoding = 4; lastKnownFileType = sourcecode.c.objc; path = BTClientController.m; sourceTree = "<group>"; };
		430DB81118F0DF3700200532 /* service.h */ = {isa = PBXFileReference; fileEncoding = 4; lastKnownFileType = sourcecode.c.h; path = service.h; sourceTree = "<group>"; };
		434E974A18F0B37B0093C8B8 /* SNExt.h */ = {isa = PBXFileReference; fileEncoding = 4; lastKnownFileType = sourcecode.c.h; path = SNExt.h; sourceTree = "<group>"; };
		434E974B18F0B37B0093C8B8 /* SNExt.m */ = {isa = PBXFileReference; fileEncoding = 4; lastKnownFileType = sourcecode.c.objc; path = SNExt.m; sourceTree = "<group>"; };
		43545F5B18F165E500D8DC6A /* AnalyticsView.xib */ = {isa = PBXFileReference; fileEncoding = 4; lastKnownFileType = file.xib; name = AnalyticsView.xib; path = ../AnalyticsView.xib; sourceTree = "<group>"; };
		43545F5D18F1686100D8DC6A /* Main_iPad.storyboard */ = {isa = PBXFileReference; fileEncoding = 4; lastKnownFileType = file.storyboard; path = Main_iPad.storyboard; sourceTree = "<group>"; };
		43545F5F18F1764800D8DC6A /* BTAnalyticsViewController.h */ = {isa = PBXFileReference; fileEncoding = 4; lastKnownFileType = sourcecode.c.h; path = BTAnalyticsViewController.h; sourceTree = "<group>"; };
		43545F6018F1764800D8DC6A /* BTAnalyticsViewController.m */ = {isa = PBXFileReference; fileEncoding = 4; lastKnownFileType = sourcecode.c.objc; path = BTAnalyticsViewController.m; sourceTree = "<group>"; };
		43807FCA18F0B2EB009E881F /* SNEval.h */ = {isa = PBXFileReference; fileEncoding = 4; lastKnownFileType = sourcecode.c.h; path = SNEval.h; sourceTree = "<group>"; };
		43807FCB18F0B2EB009E881F /* SNEval.m */ = {isa = PBXFileReference; fileEncoding = 4; lastKnownFileType = sourcecode.c.objc; path = SNEval.m; sourceTree = "<group>"; };
		4382E81418F0846C0094AC39 /* BloomTouch.app */ = {isa = PBXFileReference; explicitFileType = wrapper.application; includeInIndex = 0; path = BloomTouch.app; sourceTree = BUILT_PRODUCTS_DIR; };
		4382E81718F0846C0094AC39 /* Foundation.framework */ = {isa = PBXFileReference; lastKnownFileType = wrapper.framework; name = Foundation.framework; path = System/Library/Frameworks/Foundation.framework; sourceTree = SDKROOT; };
		4382E81918F0846C0094AC39 /* CoreGraphics.framework */ = {isa = PBXFileReference; lastKnownFileType = wrapper.framework; name = CoreGraphics.framework; path = System/Library/Frameworks/CoreGraphics.framework; sourceTree = SDKROOT; };
		4382E81B18F0846C0094AC39 /* UIKit.framework */ = {isa = PBXFileReference; lastKnownFileType = wrapper.framework; name = UIKit.framework; path = System/Library/Frameworks/UIKit.framework; sourceTree = SDKROOT; };
		4382E81D18F0846C0094AC39 /* CoreData.framework */ = {isa = PBXFileReference; lastKnownFileType = wrapper.framework; name = CoreData.framework; path = System/Library/Frameworks/CoreData.framework; sourceTree = SDKROOT; };
		4382E82118F0846C0094AC39 /* BloomTouch-Info.plist */ = {isa = PBXFileReference; lastKnownFileType = text.plist.xml; path = "BloomTouch-Info.plist"; sourceTree = "<group>"; };
		4382E82318F0846C0094AC39 /* en */ = {isa = PBXFileReference; lastKnownFileType = text.plist.strings; name = en; path = en.lproj/InfoPlist.strings; sourceTree = "<group>"; };
		4382E82518F0846C0094AC39 /* main.m */ = {isa = PBXFileReference; lastKnownFileType = sourcecode.c.objc; path = main.m; sourceTree = "<group>"; };
		4382E82718F0846C0094AC39 /* BloomTouch-Prefix.pch */ = {isa = PBXFileReference; lastKnownFileType = sourcecode.c.h; path = "BloomTouch-Prefix.pch"; sourceTree = "<group>"; };
		4382E82818F0846C0094AC39 /* BTAppDelegate.h */ = {isa = PBXFileReference; lastKnownFileType = sourcecode.c.h; path = BTAppDelegate.h; sourceTree = "<group>"; };
		4382E82918F0846C0094AC39 /* BTAppDelegate.m */ = {isa = PBXFileReference; lastKnownFileType = sourcecode.c.objc; path = BTAppDelegate.m; sourceTree = "<group>"; };
		4382E82C18F0846C0094AC39 /* BloomTouch.xcdatamodel */ = {isa = PBXFileReference; lastKnownFileType = wrapper.xcdatamodel; path = BloomTouch.xcdatamodel; sourceTree = "<group>"; };
		4382E82E18F0846C0094AC39 /* Images.xcassets */ = {isa = PBXFileReference; lastKnownFileType = folder.assetcatalog; path = Images.xcassets; sourceTree = "<group>"; };
		4382E83418F0846C0094AC39 /* BloomTouchTests.xctest */ = {isa = PBXFileReference; explicitFileType = wrapper.cfbundle; includeInIndex = 0; path = BloomTouchTests.xctest; sourceTree = BUILT_PRODUCTS_DIR; };
		4382E83518F0846C0094AC39 /* XCTest.framework */ = {isa = PBXFileReference; lastKnownFileType = wrapper.framework; name = XCTest.framework; path = Library/Frameworks/XCTest.framework; sourceTree = DEVELOPER_DIR; };
		4382E83E18F0846C0094AC39 /* BloomTouchTests-Info.plist */ = {isa = PBXFileReference; lastKnownFileType = text.plist.xml; path = "BloomTouchTests-Info.plist"; sourceTree = "<group>"; };
		4382E84018F0846C0094AC39 /* en */ = {isa = PBXFileReference; lastKnownFileType = text.plist.strings; name = en; path = en.lproj/InfoPlist.strings; sourceTree = "<group>"; };
		4382E84218F0846C0094AC39 /* BloomTouchTests.m */ = {isa = PBXFileReference; lastKnownFileType = sourcecode.c.objc; path = BloomTouchTests.m; sourceTree = "<group>"; };
		4382E84F18F08B1C0094AC39 /* BTLoadBalancer.h */ = {isa = PBXFileReference; fileEncoding = 4; lastKnownFileType = sourcecode.c.h; name = BTLoadBalancer.h; path = ../BTLoadBalancer.h; sourceTree = "<group>"; };
		4382E85018F08B1C0094AC39 /* BTLoadBalancer.m */ = {isa = PBXFileReference; fileEncoding = 4; lastKnownFileType = sourcecode.c.objc; name = BTLoadBalancer.m; path = ../BTLoadBalancer.m; sourceTree = "<group>"; };
		4382E85218F09E4C0094AC39 /* BTBloombergClient.h */ = {isa = PBXFileReference; fileEncoding = 4; lastKnownFileType = sourcecode.c.h; path = BTBloombergClient.h; sourceTree = "<group>"; };
		4382E85318F09E4C0094AC39 /* BTBloombergClient.m */ = {isa = PBXFileReference; fileEncoding = 4; lastKnownFileType = sourcecode.c.objc; path = BTBloombergClient.m; sourceTree = "<group>"; };
		43896D9A18F138B6005006CB /* BTEvaluator.h */ = {isa = PBXFileReference; fileEncoding = 4; lastKnownFileType = sourcecode.c.h; path = BTEvaluator.h; sourceTree = "<group>"; };
		43896D9B18F138B6005006CB /* BTEvaluator.m */ = {isa = PBXFileReference; fileEncoding = 4; lastKnownFileType = sourcecode.c.objc; path = BTEvaluator.m; sourceTree = "<group>"; };
/* End PBXFileReference section */

/* Begin PBXFrameworksBuildPhase section */
		4382E81118F0846C0094AC39 /* Frameworks */ = {
			isa = PBXFrameworksBuildPhase;
			buildActionMask = 2147483647;
			files = (
				4382E81A18F0846C0094AC39 /* CoreGraphics.framework in Frameworks */,
				4382E81E18F0846C0094AC39 /* CoreData.framework in Frameworks */,
				4382E81C18F0846C0094AC39 /* UIKit.framework in Frameworks */,
				4382E81818F0846C0094AC39 /* Foundation.framework in Frameworks */,
			);
			runOnlyForDeploymentPostprocessing = 0;
		};
		4382E83118F0846C0094AC39 /* Frameworks */ = {
			isa = PBXFrameworksBuildPhase;
			buildActionMask = 2147483647;
			files = (
				4382E83618F0846C0094AC39 /* XCTest.framework in Frameworks */,
				4382E83918F0846C0094AC39 /* CoreData.framework in Frameworks */,
				4382E83818F0846C0094AC39 /* UIKit.framework in Frameworks */,
				4382E83718F0846C0094AC39 /* Foundation.framework in Frameworks */,
			);
			runOnlyForDeploymentPostprocessing = 0;
		};
/* End PBXFrameworksBuildPhase section */

/* Begin PBXGroup section */
		4382E80B18F0846C0094AC39 = {
			isa = PBXGroup;
			children = (
				4382E81F18F0846C0094AC39 /* BloomTouch */,
				4382E83C18F0846C0094AC39 /* BloomTouchTests */,
				4382E81618F0846C0094AC39 /* Frameworks */,
				4382E81518F0846C0094AC39 /* Products */,
			);
			sourceTree = "<group>";
		};
		4382E81518F0846C0094AC39 /* Products */ = {
			isa = PBXGroup;
			children = (
				4382E81418F0846C0094AC39 /* BloomTouch.app */,
				4382E83418F0846C0094AC39 /* BloomTouchTests.xctest */,
			);
			name = Products;
			sourceTree = "<group>";
		};
		4382E81618F0846C0094AC39 /* Frameworks */ = {
			isa = PBXGroup;
			children = (
				4382E81718F0846C0094AC39 /* Foundation.framework */,
				4382E81918F0846C0094AC39 /* CoreGraphics.framework */,
				4382E81B18F0846C0094AC39 /* UIKit.framework */,
				4382E81D18F0846C0094AC39 /* CoreData.framework */,
				4382E83518F0846C0094AC39 /* XCTest.framework */,
			);
			name = Frameworks;
			sourceTree = "<group>";
		};
		4382E81F18F0846C0094AC39 /* BloomTouch */ = {
			isa = PBXGroup;
			children = (
				43545F5B18F165E500D8DC6A /* AnalyticsView.xib */,
				43545F5F18F1764800D8DC6A /* BTAnalyticsViewController.h */,
				43545F6018F1764800D8DC6A /* BTAnalyticsViewController.m */,
				4382E84F18F08B1C0094AC39 /* BTLoadBalancer.h */,
				4382E85018F08B1C0094AC39 /* BTLoadBalancer.m */,
				430DB80E18F0D4E400200532 /* BTClientController.h */,
				430DB80F18F0D4E400200532 /* BTClientController.m */,
				430DB81118F0DF3700200532 /* service.h */,
				43807FCA18F0B2EB009E881F /* SNEval.h */,
				43807FCB18F0B2EB009E881F /* SNEval.m */,
				434E974A18F0B37B0093C8B8 /* SNExt.h */,
				434E974B18F0B37B0093C8B8 /* SNExt.m */,
				4382E82818F0846C0094AC39 /* BTAppDelegate.h */,
				43896D9A18F138B6005006CB /* BTEvaluator.h */,
				43896D9B18F138B6005006CB /* BTEvaluator.m */,
				4382E82918F0846C0094AC39 /* BTAppDelegate.m */,
				4382E82E18F0846C0094AC39 /* Images.xcassets */,
				4382E82B18F0846C0094AC39 /* BloomTouch.xcdatamodeld */,
				4382E82018F0846C0094AC39 /* Supporting Files */,
				4382E85218F09E4C0094AC39 /* BTBloombergClient.h */,
				4382E85318F09E4C0094AC39 /* BTBloombergClient.m */,
				43545F5D18F1686100D8DC6A /* Main_iPad.storyboard */,
			);
			path = BloomTouch;
			sourceTree = "<group>";
		};
		4382E82018F0846C0094AC39 /* Supporting Files */ = {
			isa = PBXGroup;
			children = (
				4382E82118F0846C0094AC39 /* BloomTouch-Info.plist */,
				4382E82218F0846C0094AC39 /* InfoPlist.strings */,
				4382E82518F0846C0094AC39 /* main.m */,
				4382E82718F0846C0094AC39 /* BloomTouch-Prefix.pch */,
			);
			name = "Supporting Files";
			sourceTree = "<group>";
		};
		4382E83C18F0846C0094AC39 /* BloomTouchTests */ = {
			isa = PBXGroup;
			children = (
				4382E84218F0846C0094AC39 /* BloomTouchTests.m */,
				4382E83D18F0846C0094AC39 /* Supporting Files */,
			);
			path = BloomTouchTests;
			sourceTree = "<group>";
		};
		4382E83D18F0846C0094AC39 /* Supporting Files */ = {
			isa = PBXGroup;
			children = (
				4382E83E18F0846C0094AC39 /* BloomTouchTests-Info.plist */,
				4382E83F18F0846C0094AC39 /* InfoPlist.strings */,
			);
			name = "Supporting Files";
			sourceTree = "<group>";
		};
/* End PBXGroup section */

/* Begin PBXNativeTarget section */
		4382E81318F0846C0094AC39 /* BloomTouch */ = {
			isa = PBXNativeTarget;
			buildConfigurationList = 4382E84618F0846C0094AC39 /* Build configuration list for PBXNativeTarget "BloomTouch" */;
			buildPhases = (
				4382E81018F0846C0094AC39 /* Sources */,
				4382E81118F0846C0094AC39 /* Frameworks */,
				4382E81218F0846C0094AC39 /* Resources */,
			);
			buildRules = (
			);
			dependencies = (
			);
			name = BloomTouch;
			productName = BloomTouch;
			productReference = 4382E81418F0846C0094AC39 /* BloomTouch.app */;
			productType = "com.apple.product-type.application";
		};
		4382E83318F0846C0094AC39 /* BloomTouchTests */ = {
			isa = PBXNativeTarget;
			buildConfigurationList = 4382E84918F0846C0094AC39 /* Build configuration list for PBXNativeTarget "BloomTouchTests" */;
			buildPhases = (
				4382E83018F0846C0094AC39 /* Sources */,
				4382E83118F0846C0094AC39 /* Frameworks */,
				4382E83218F0846C0094AC39 /* Resources */,
			);
			buildRules = (
			);
			dependencies = (
				4382E83B18F0846C0094AC39 /* PBXTargetDependency */,
			);
			name = BloomTouchTests;
			productName = BloomTouchTests;
			productReference = 4382E83418F0846C0094AC39 /* BloomTouchTests.xctest */;
			productType = "com.apple.product-type.bundle.unit-test";
		};
/* End PBXNativeTarget section */

/* Begin PBXProject section */
		4382E80C18F0846C0094AC39 /* Project object */ = {
			isa = PBXProject;
			attributes = {
				CLASSPREFIX = BT;
				LastUpgradeCheck = 0510;
				ORGANIZATIONNAME = "Nathan Burgers";
				TargetAttributes = {
					4382E83318F0846C0094AC39 = {
						TestTargetID = 4382E81318F0846C0094AC39;
					};
				};
			};
			buildConfigurationList = 4382E80F18F0846C0094AC39 /* Build configuration list for PBXProject "BloomTouch" */;
			compatibilityVersion = "Xcode 3.2";
			developmentRegion = English;
			hasScannedForEncodings = 0;
			knownRegions = (
				en,
			);
			mainGroup = 4382E80B18F0846C0094AC39;
			productRefGroup = 4382E81518F0846C0094AC39 /* Products */;
			projectDirPath = "";
			projectRoot = "";
			targets = (
				4382E81318F0846C0094AC39 /* BloomTouch */,
				4382E83318F0846C0094AC39 /* BloomTouchTests */,
			);
		};
/* End PBXProject section */

/* Begin PBXResourcesBuildPhase section */
		4382E81218F0846C0094AC39 /* Resources */ = {
			isa = PBXResourcesBuildPhase;
			buildActionMask = 2147483647;
			files = (
				4382E82418F0846C0094AC39 /* InfoPlist.strings in Resources */,
				43545F5E18F1686100D8DC6A /* Main_iPad.storyboard in Resources */,
				4382E82F18F0846C0094AC39 /* Images.xcassets in Resources */,
				43545F5C18F165E500D8DC6A /* AnalyticsView.xib in Resources */,
			);
			runOnlyForDeploymentPostprocessing = 0;
		};
		4382E83218F0846C0094AC39 /* Resources */ = {
			isa = PBXResourcesBuildPhase;
			buildActionMask = 2147483647;
			files = (
				4382E84118F0846C0094AC39 /* InfoPlist.strings in Resources */,
			);
			runOnlyForDeploymentPostprocessing = 0;
		};
/* End PBXResourcesBuildPhase section */

/* Begin PBXSourcesBuildPhase section */
		4382E81018F0846C0094AC39 /* Sources */ = {
			isa = PBXSourcesBuildPhase;
			buildActionMask = 2147483647;
			files = (
				430DB81018F0D4E400200532 /* BTClientController.m in Sources */,
				43807FCC18F0B2EB009E881F /* SNEval.m in Sources */,
				4382E82D18F0846C0094AC39 /* BloomTouch.xcdatamodeld in Sources */,
				43896D9C18F138B6005006CB /* BTEvaluator.m in Sources */,
				4382E85118F08B1C0094AC39 /* BTLoadBalancer.m in Sources */,
				4382E82A18F0846C0094AC39 /* BTAppDelegate.m in Sources */,
				4382E85418F09E4C0094AC39 /* BTBloombergClient.m in Sources */,
				434E974C18F0B37B0093C8B8 /* SNExt.m in Sources */,
				4382E82618F0846C0094AC39 /* main.m in Sources */,
				43545F6118F1764800D8DC6A /* BTAnalyticsViewController.m in Sources */,
			);
			runOnlyForDeploymentPostprocessing = 0;
		};
		4382E83018F0846C0094AC39 /* Sources */ = {
			isa = PBXSourcesBuildPhase;
			buildActionMask = 2147483647;
			files = (
				4382E84318F0846C0094AC39 /* BloomTouchTests.m in Sources */,
			);
			runOnlyForDeploymentPostprocessing = 0;
		};
/* End PBXSourcesBuildPhase section */

/* Begin PBXTargetDependency section */
		4382E83B18F0846C0094AC39 /* PBXTargetDependency */ = {
			isa = PBXTargetDependency;
			target = 4382E81318F0846C0094AC39 /* BloomTouch */;
			targetProxy = 4382E83A18F0846C0094AC39 /* PBXContainerItemProxy */;
		};
/* End PBXTargetDependency section */

/* Begin PBXVariantGroup section */
		4382E82218F0846C0094AC39 /* InfoPlist.strings */ = {
			isa = PBXVariantGroup;
			children = (
				4382E82318F0846C0094AC39 /* en */,
			);
			name = InfoPlist.strings;
			sourceTree = "<group>";
		};
		4382E83F18F0846C0094AC39 /* InfoPlist.strings */ = {
			isa = PBXVariantGroup;
			children = (
				4382E84018F0846C0094AC39 /* en */,
			);
			name = InfoPlist.strings;
			sourceTree = "<group>";
		};
/* End PBXVariantGroup section */

/* Begin XCBuildConfiguration section */
		4382E84418F0846C0094AC39 /* Debug */ = {
			isa = XCBuildConfiguration;
			buildSettings = {
				ALWAYS_SEARCH_USER_PATHS = NO;
				CLANG_CXX_LANGUAGE_STANDARD = "gnu++0x";
				CLANG_CXX_LIBRARY = "libc++";
				CLANG_ENABLE_MODULES = YES;
				CLANG_ENABLE_OBJC_ARC = YES;
				CLANG_WARN_BOOL_CONVERSION = YES;
				CLANG_WARN_CONSTANT_CONVERSION = YES;
				CLANG_WARN_DIRECT_OBJC_ISA_USAGE = YES_ERROR;
				CLANG_WARN_EMPTY_BODY = YES;
				CLANG_WARN_ENUM_CONVERSION = YES;
				CLANG_WARN_INT_CONVERSION = YES;
				CLANG_WARN_OBJC_ROOT_CLASS = YES_ERROR;
				CLANG_WARN__DUPLICATE_METHOD_MATCH = YES;
				"CODE_SIGN_IDENTITY[sdk=iphoneos*]" = "iPhone Developer";
				COPY_PHASE_STRIP = NO;
				GCC_C_LANGUAGE_STANDARD = gnu99;
				GCC_DYNAMIC_NO_PIC = NO;
				GCC_OPTIMIZATION_LEVEL = 0;
				GCC_PREPROCESSOR_DEFINITIONS = (
					"DEBUG=1",
					"$(inherited)",
				);
				GCC_SYMBOLS_PRIVATE_EXTERN = NO;
				GCC_WARN_64_TO_32_BIT_CONVERSION = YES;
				GCC_WARN_ABOUT_RETURN_TYPE = YES_ERROR;
				GCC_WARN_UNDECLARED_SELECTOR = YES;
				GCC_WARN_UNINITIALIZED_AUTOS = YES_AGGRESSIVE;
				GCC_WARN_UNUSED_FUNCTION = YES;
				GCC_WARN_UNUSED_VARIABLE = YES;
				IPHONEOS_DEPLOYMENT_TARGET = 7.1;
				ONLY_ACTIVE_ARCH = YES;
				SDKROOT = iphoneos;
				TARGETED_DEVICE_FAMILY = "1,2";
			};
			name = Debug;
		};
		4382E84518F0846C0094AC39 /* Release */ = {
			isa = XCBuildConfiguration;
			buildSettings = {
				ALWAYS_SEARCH_USER_PATHS = NO;
				CLANG_CXX_LANGUAGE_STANDARD = "gnu++0x";
				CLANG_CXX_LIBRARY = "libc++";
				CLANG_ENABLE_MODULES = YES;
				CLANG_ENABLE_OBJC_ARC = YES;
				CLANG_WARN_BOOL_CONVERSION = YES;
				CLANG_WARN_CONSTANT_CONVERSION = YES;
				CLANG_WARN_DIRECT_OBJC_ISA_USAGE = YES_ERROR;
				CLANG_WARN_EMPTY_BODY = YES;
				CLANG_WARN_ENUM_CONVERSION = YES;
				CLANG_WARN_INT_CONVERSION = YES;
				CLANG_WARN_OBJC_ROOT_CLASS = YES_ERROR;
				CLANG_WARN__DUPLICATE_METHOD_MATCH = YES;
				"CODE_SIGN_IDENTITY[sdk=iphoneos*]" = "iPhone Developer";
				COPY_PHASE_STRIP = YES;
				ENABLE_NS_ASSERTIONS = NO;
				GCC_C_LANGUAGE_STANDARD = gnu99;
				GCC_WARN_64_TO_32_BIT_CONVERSION = YES;
				GCC_WARN_ABOUT_RETURN_TYPE = YES_ERROR;
				GCC_WARN_UNDECLARED_SELECTOR = YES;
				GCC_WARN_UNINITIALIZED_AUTOS = YES_AGGRESSIVE;
				GCC_WARN_UNUSED_FUNCTION = YES;
				GCC_WARN_UNUSED_VARIABLE = YES;
				IPHONEOS_DEPLOYMENT_TARGET = 7.1;
				SDKROOT = iphoneos;
				TARGETED_DEVICE_FAMILY = "1,2";
				VALIDATE_PRODUCT = YES;
			};
			name = Release;
		};
		4382E84718F0846C0094AC39 /* Debug */ = {
			isa = XCBuildConfiguration;
			buildSettings = {
				ASSETCATALOG_COMPILER_APPICON_NAME = AppIcon;
				ASSETCATALOG_COMPILER_LAUNCHIMAGE_NAME = LaunchImage;
				GCC_PRECOMPILE_PREFIX_HEADER = YES;
				GCC_PREFIX_HEADER = "BloomTouch/BloomTouch-Prefix.pch";
				INFOPLIST_FILE = "BloomTouch/BloomTouch-Info.plist";
				LIBRARY_SEARCH_PATHS = (
					"$(inherited)",
					"$(PROJECT_DIR)/blpapi_cpp_3.7.5.1",
					2/Darwin,
				);
				PRODUCT_NAME = "$(TARGET_NAME)";
				WRAPPER_EXTENSION = app;
			};
			name = Debug;
		};
		4382E84818F0846C0094AC39 /* Release */ = {
			isa = XCBuildConfiguration;
			buildSettings = {
				ASSETCATALOG_COMPILER_APPICON_NAME = AppIcon;
				ASSETCATALOG_COMPILER_LAUNCHIMAGE_NAME = LaunchImage;
				GCC_PRECOMPILE_PREFIX_HEADER = YES;
				GCC_PREFIX_HEADER = "BloomTouch/BloomTouch-Prefix.pch";
				INFOPLIST_FILE = "BloomTouch/BloomTouch-Info.plist";
				LIBRARY_SEARCH_PATHS = (
					"$(inherited)",
					"$(PROJECT_DIR)/blpapi_cpp_3.7.5.1",
					2/Darwin,
				);
				PRODUCT_NAME = "$(TARGET_NAME)";
				WRAPPER_EXTENSION = app;
			};
			name = Release;
		};
		4382E84A18F0846C0094AC39 /* Debug */ = {
			isa = XCBuildConfiguration;
			buildSettings = {
				BUNDLE_LOADER = "$(BUILT_PRODUCTS_DIR)/BloomTouch.app/BloomTouch";
				FRAMEWORK_SEARCH_PATHS = (
					"$(SDKROOT)/Developer/Library/Frameworks",
					"$(inherited)",
					"$(DEVELOPER_FRAMEWORKS_DIR)",
				);
				GCC_PRECOMPILE_PREFIX_HEADER = YES;
				GCC_PREFIX_HEADER = "BloomTouch/BloomTouch-Prefix.pch";
				GCC_PREPROCESSOR_DEFINITIONS = (
					"DEBUG=1",
					"$(inherited)",
				);
				INFOPLIST_FILE = "BloomTouchTests/BloomTouchTests-Info.plist";
				PRODUCT_NAME = "$(TARGET_NAME)";
				TEST_HOST = "$(BUNDLE_LOADER)";
				WRAPPER_EXTENSION = xctest;
			};
			name = Debug;
		};
		4382E84B18F0846C0094AC39 /* Release */ = {
			isa = XCBuildConfiguration;
			buildSettings = {
				BUNDLE_LOADER = "$(BUILT_PRODUCTS_DIR)/BloomTouch.app/BloomTouch";
				FRAMEWORK_SEARCH_PATHS = (
					"$(SDKROOT)/Developer/Library/Frameworks",
					"$(inherited)",
					"$(DEVELOPER_FRAMEWORKS_DIR)",
				);
				GCC_PRECOMPILE_PREFIX_HEADER = YES;
				GCC_PREFIX_HEADER = "BloomTouch/BloomTouch-Prefix.pch";
				INFOPLIST_FILE = "BloomTouchTests/BloomTouchTests-Info.plist";
				PRODUCT_NAME = "$(TARGET_NAME)";
				TEST_HOST = "$(BUNDLE_LOADER)";
				WRAPPER_EXTENSION = xctest;
			};
			name = Release;
		};
/* End XCBuildConfiguration section */

/* Begin XCConfigurationList section */
		4382E80F18F0846C0094AC39 /* Build configuration list for PBXProject "BloomTouch" */ = {
			isa = XCConfigurationList;
			buildConfigurations = (
				4382E84418F0846C0094AC39 /* Debug */,
				4382E84518F0846C0094AC39 /* Release */,
			);
			defaultConfigurationIsVisible = 0;
			defaultConfigurationName = Release;
		};
		4382E84618F0846C0094AC39 /* Build configuration list for PBXNativeTarget "BloomTouch" */ = {
			isa = XCConfigurationList;
			buildConfigurations = (
				4382E84718F0846C0094AC39 /* Debug */,
				4382E84818F0846C0094AC39 /* Release */,
			);
			defaultConfigurationIsVisible = 0;
			defaultConfigurationName = Release;
		};
		4382E84918F0846C0094AC39 /* Build configuration list for PBXNativeTarget "BloomTouchTests" */ = {
			isa = XCConfigurationList;
			buildConfigurations = (
				4382E84A18F0846C0094AC39 /* Debug */,
				4382E84B18F0846C0094AC39 /* Release */,
			);
			defaultConfigurationIsVisible = 0;
			defaultConfigurationName = Release;
		};
/* End XCConfigurationList section */

/* Begin XCVersionGroup section */
		4382E82B18F0846C0094AC39 /* BloomTouch.xcdatamodeld */ = {
			isa = XCVersionGroup;
			children = (
				4382E82C18F0846C0094AC39 /* BloomTouch.xcdatamodel */,
			);
			currentVersion = 4382E82C18F0846C0094AC39 /* BloomTouch.xcdatamodel */;
			path = BloomTouch.xcdatamodeld;
			sourceTree = "<group>";
			versionGroupType = wrapper.xcdatamodel;
		};
/* End XCVersionGroup section */
	};
	rootObject = 4382E80C18F0846C0094AC39 /* Project object */;
}
